{
  "name": "test",
  "version": "1.0.0",
  "lockfileVersion": 1,
  "requires": true,
  "dependencies": {
    "@devraj95/middy-redis-cache": {
      "version": "1.0.0",
      "resolved": "https://registry.npmjs.org/@devraj95/middy-redis-cache/-/middy-redis-cache-1.0.0.tgz",
      "integrity": "sha512-1q+0TpF4Vfd3sRgnuyKsJOMJk2rwA543cORih3w+TeSVXMpB+oJEDhFDiNd8kqhbO11HpwH02yqqJBZqncUV3w==",
      "requires": {
        "@redis/client": "^1.5.8"
      }
    },
    "@middy/core": {
      "version": "2.5.7",
      "resolved": "https://registry.npmjs.org/@middy/core/-/core-2.5.7.tgz",
      "integrity": "sha512-KX5Ud0SP+pol6PGkYtMCH4goHobs1XJo3OvEUwdiZUIjZgo56Q08nLu5N7Bs6P+FwGTQHA+hlQ3I5SZbfpO/jg=="
    },
    "@redis/client": {
      "version": "1.5.13",
      "resolved": "https://registry.npmjs.org/@redis/client/-/client-1.5.13.tgz",
      "integrity": "sha512-epkUM9D0Sdmt93/8Ozk43PNjLi36RZzG+d/T1Gdu5AI8jvghonTeLYV69WVWdilvFo+PYxbP0TZ0saMvr6nscQ==",
      "requires": {
        "cluster-key-slot": "1.1.2",
        "generic-pool": "3.9.0",
        "yallist": "4.0.0"
      },
      "dependencies": {
        "yallist": {
          "version": "4.0.0",
          "resolved": "https://registry.npmjs.org/yallist/-/yallist-4.0.0.tgz",
          "integrity": "sha512-3wdGidZyq5PB084XLES5TpOSRA3wjXAlIWMhum2kRcv/41Sn2emQ0dycQW4uZXLejwKvg6EsvbdlVL+FYEct7A=="
        }
      }
    },
    "@types/node": {
      "version": "16.18.69",
      "resolved": "https://registry.npmjs.org/@types/node/-/node-16.18.69.tgz",
      "integrity": "sha512-AfDKv5fWd9XStaEuqFa6PYcM8FgTqxVMsP4BPk60emeB9YX+pp2P0zZ8nU1BQg8hyPGFrMt7MGMRMis8IrcPyg==",
      "dev": true
    },
    "cluster-key-slot": {
      "version": "1.1.2",
      "resolved": "https://registry.npmjs.org/cluster-key-slot/-/cluster-key-slot-1.1.2.tgz",
      "integrity": "sha512-RMr0FhtfXemyinomL4hrWcYJxmX6deFdCxpJzhDttxgO1+bcCnkk+9drydLVDmAMG7NE6aN/fl4F7ucU/90gAA=="
    },
    "generic-pool": {
      "version": "3.9.0",
      "resolved": "https://registry.npmjs.org/generic-pool/-/generic-pool-3.9.0.tgz",
      "integrity": "sha512-hymDOu5B53XvN4QT9dBmZxPX4CWhBPPLguTZ9MMFeFa/Kg0xWVfylOVNlJji/E7yTZWFd/q9GO5TxDLq156D7g=="
    }
  }
}
